{
    "version": 3,
    "terraform_version": "0.11.13",
    "serial": 9,
    "lineage": "3976d29b-a1dd-93cc-0d7d-3c50de38e271",
    "modules": [
        {
            "path": [
                "root"
            ],
            "outputs": {},
            "resources": {
                "aws_api_gateway_base_path_mapping.mapping": {
                    "type": "aws_api_gateway_base_path_mapping",
                    "depends_on": [
                        "aws_api_gateway_domain_name.domain_name"
                    ],
                    "primary": {
                        "id": "dev.lab.dropd.com/",
                        "attributes": {
                            "api_id": "6bhmcwfi55",
                            "base_path": "",
                            "domain_name": "dev.lab.dropd.com",
                            "id": "dev.lab.dropd.com/",
                            "stage_name": "dev"
                        },
                        "meta": {},
                        "tainted": false
                    },
                    "deposed": [],
                    "provider": "provider.aws"
                },
                "aws_api_gateway_domain_name.domain_name": {
                    "type": "aws_api_gateway_domain_name",
                    "depends_on": [],
                    "primary": {
                        "id": "dev.lab.dropd.com",
                        "attributes": {
                            "certificate_arn": "",
                            "certificate_name": "",
                            "certificate_upload_date": "2019-03-20T21:55:01Z",
                            "cloudfront_domain_name": "",
                            "cloudfront_zone_id": "Z2FDTNDATAQYW2",
                            "domain_name": "dev.lab.dropd.com",
                            "endpoint_configuration.#": "1",
                            "endpoint_configuration.0.types.#": "1",
                            "endpoint_configuration.0.types.0": "REGIONAL",
                            "id": "dev.lab.dropd.com",
                            "regional_certificate_arn": "arn:aws:acm:us-west-1:605952593874:certificate/f8ccba8e-96a9-4090-bd8e-ed29e233074b",
                            "regional_certificate_name": "",
                            "regional_domain_name": "d-ff88vp8z10.execute-api.us-west-1.amazonaws.com",
                            "regional_zone_id": "Z2MUQ32089INYE"
                        },
                        "meta": {},
                        "tainted": false
                    },
                    "deposed": [],
                    "provider": "provider.aws"
                },
                "aws_route53_record.record": {
                    "type": "aws_route53_record",
                    "depends_on": [
                        "aws_api_gateway_domain_name.domain_name"
                    ],
                    "primary": {
                        "id": "Z354GDJ2A2XAX_dev.lab.dropd.com_A",
                        "attributes": {
                            "alias.#": "1",
                            "alias.22656552.evaluate_target_health": "false",
                            "alias.22656552.name": "d-ff88vp8z10.execute-api.us-west-1.amazonaws.com",
                            "alias.22656552.zone_id": "Z2MUQ32089INYE",
                            "fqdn": "dev.lab.dropd.com",
                            "health_check_id": "",
                            "id": "Z354GDJ2A2XAX_dev.lab.dropd.com_A",
                            "name": "dev.lab.dropd.com",
                            "records.#": "0",
                            "set_identifier": "",
                            "ttl": "0",
                            "type": "A",
                            "zone_id": "Z354GDJ2A2XAX"
                        },
                        "meta": {
                            "schema_version": "2"
                        },
                        "tainted": false
                    },
                    "deposed": [],
                    "provider": "provider.aws"
                },
                "data.aws_cloudformation_stack.app": {
                    "type": "aws_cloudformation_stack",
                    "depends_on": [],
                    "primary": {
                        "id": "arn:aws:cloudformation:us-west-1:605952593874:stack/azul-generator-dev-generator/e4d26ed0-45c9-11e9-95e3-06faf7eac450",
                        "attributes": {
                            "capabilities.#": "2",
                            "capabilities.1328347040": "CAPABILITY_IAM",
                            "capabilities.1480918070": "CAPABILITY_NAMED_IAM",
                            "description": "The AWS CloudFormation template for this Serverless application",
                            "disable_rollback": "false",
                            "iam_role_arn": "",
                            "id": "arn:aws:cloudformation:us-west-1:605952593874:stack/azul-generator-dev-generator/e4d26ed0-45c9-11e9-95e3-06faf7eac450",
                            "name": "azul-generator-dev-generator",
                            "notification_arns.#": "0",
                            "outputs.%": "4",
                            "outputs.AzulBoardLambdaFunctionQualifiedArn": "arn:aws:lambda:us-west-1:605952593874:function:azul-generator-dev-generator-dev-AzulBoard:4",
                            "outputs.RestApiId": "6bhmcwfi55",
                            "outputs.ServerlessDeploymentBucketName": "serverless-deployment-onica-rodney-us-west-1",
                            "outputs.ServiceEndpoint": "https://6bhmcwfi55.execute-api.us-west-1.amazonaws.com/dev",
                            "parameters.%": "0",
                            "tags.%": "1",
                            "tags.STAGE": "dev",
                            "template_body": "{\"AWSTemplateFormatVersion\":\"2010-09-09\",\"Description\":\"The AWS CloudFormation template for this Serverless application\",\"Outputs\":{\"AzulBoardLambdaFunctionQualifiedArn\":{\"Description\":\"Current Lambda function version\",\"Value\":{\"Ref\":\"AzulBoardLambdaVersionBMRTo7vrW5gLbs92qniWbCx4BY9kEyJPccLIUXBIOjI\"}},\"RestApiId\":{\"Description\":\"the short ID of the API Gateway API\",\"Value\":{\"Ref\":\"ApiGatewayRestApi\"}},\"ServerlessDeploymentBucketName\":{\"Value\":\"serverless-deployment-onica-rodney-us-west-1\"},\"ServiceEndpoint\":{\"Description\":\"URL of the service endpoint\",\"Value\":{\"Fn::Join\":[\"\",[\"https://\",{\"Ref\":\"ApiGatewayRestApi\"},\".execute-api.us-west-1.\",{\"Ref\":\"AWS::URLSuffix\"},\"/dev\"]]}}},\"Resources\":{\"ApiGatewayDeployment1553207439142\":{\"DependsOn\":[\"ApiGatewayMethodBoardDashserverlesspdfGet\"],\"Properties\":{\"RestApiId\":{\"Ref\":\"ApiGatewayRestApi\"},\"StageName\":\"dev\"},\"Type\":\"AWS::ApiGateway::Deployment\"},\"ApiGatewayMethodBoardDashserverlesspdfGet\":{\"Properties\":{\"ApiKeyRequired\":false,\"AuthorizationType\":\"NONE\",\"HttpMethod\":\"GET\",\"Integration\":{\"IntegrationHttpMethod\":\"POST\",\"Type\":\"AWS_PROXY\",\"Uri\":{\"Fn::Join\":[\"\",[\"arn:\",{\"Ref\":\"AWS::Partition\"},\":apigateway:\",{\"Ref\":\"AWS::Region\"},\":lambda:path/2015-03-31/functions/\",{\"Fn::GetAtt\":[\"AzulBoardLambdaFunction\",\"Arn\"]},\"/invocations\"]]}},\"MethodResponses\":[],\"RequestParameters\":{},\"ResourceId\":{\"Ref\":\"ApiGatewayResourceBoardDashserverlesspdf\"},\"RestApiId\":{\"Ref\":\"ApiGatewayRestApi\"}},\"Type\":\"AWS::ApiGateway::Method\"},\"ApiGatewayResourceBoardDashserverlesspdf\":{\"Properties\":{\"ParentId\":{\"Fn::GetAtt\":[\"ApiGatewayRestApi\",\"RootResourceId\"]},\"PathPart\":\"board-serverless.pdf\",\"RestApiId\":{\"Ref\":\"ApiGatewayRestApi\"}},\"Type\":\"AWS::ApiGateway::Resource\"},\"ApiGatewayRestApi\":{\"Properties\":{\"EndpointConfiguration\":{\"Types\":[\"REGIONAL\"]},\"Name\":\"azul-generator-dev-generator\"},\"Type\":\"AWS::ApiGateway::RestApi\"},\"AzulBoardLambdaFunction\":{\"DependsOn\":[\"AzulBoardLogGroup\",\"BasicRole\"],\"Properties\":{\"Code\":{\"S3Bucket\":\"serverless-deployment-onica-rodney-us-west-1\",\"S3Key\":\"serverless/azul-generator-dev-generator/dev/1553207439117-2019-03-21T22:30:39.117Z/azul-generator-dev-generator.zip\"},\"FunctionName\":\"azul-generator-dev-generator-dev-AzulBoard\",\"Handler\":\"src/lambda.handler\",\"MemorySize\":1024,\"Role\":{\"Fn::GetAtt\":[\"BasicRole\",\"Arn\"]},\"Runtime\":\"nodejs8.10\",\"Timeout\":6},\"Type\":\"AWS::Lambda::Function\"},\"AzulBoardLambdaPermissionApiGateway\":{\"Properties\":{\"Action\":\"lambda:InvokeFunction\",\"FunctionName\":{\"Fn::GetAtt\":[\"AzulBoardLambdaFunction\",\"Arn\"]},\"Principal\":{\"Fn::Join\":[\"\",[\"apigateway.\",{\"Ref\":\"AWS::URLSuffix\"}]]},\"SourceArn\":{\"Fn::Join\":[\"\",[\"arn:\",{\"Ref\":\"AWS::Partition\"},\":execute-api:\",{\"Ref\":\"AWS::Region\"},\":\",{\"Ref\":\"AWS::AccountId\"},\":\",{\"Ref\":\"ApiGatewayRestApi\"},\"/*/*\"]]}},\"Type\":\"AWS::Lambda::Permission\"},\"AzulBoardLambdaVersionBMRTo7vrW5gLbs92qniWbCx4BY9kEyJPccLIUXBIOjI\":{\"DeletionPolicy\":\"Retain\",\"Properties\":{\"CodeSha256\":\"T6ox2njIcKA+w3exOJMZ/2Ia67hcRbX/NDSlNOikrHE=\",\"FunctionName\":{\"Ref\":\"AzulBoardLambdaFunction\"}},\"Type\":\"AWS::Lambda::Version\"},\"AzulBoardLogGroup\":{\"Properties\":{\"LogGroupName\":\"/aws/lambda/azul-generator-dev-generator-dev-AzulBoard\"},\"Type\":\"AWS::Logs::LogGroup\"},\"BasicRole\":{\"Properties\":{\"AssumeRolePolicyDocument\":{\"Statement\":[{\"Action\":\"sts:AssumeRole\",\"Effect\":\"Allow\",\"Principal\":{\"Service\":\"lambda.amazonaws.com\"}}],\"Version\":\"2012-10-17\"},\"ManagedPolicyArns\":[\"arn:aws:iam::aws:policy/service-role/AWSLambdaBasicExecutionRole\",\"arn:aws:iam::aws:policy/service-role/AWSLambdaRole\"]},\"Type\":\"AWS::IAM::Role\"}}}",
                            "timeout_in_minutes": "0"
                        },
                        "meta": {},
                        "tainted": false
                    },
                    "deposed": [],
                    "provider": "provider.aws"
                },
                "data.aws_route53_zone.hosted_zone": {
                    "type": "aws_route53_zone",
                    "depends_on": [],
                    "primary": {
                        "id": "Z354GDJ2A2XAX",
                        "attributes": {
                            "caller_reference": "9A62BD13-D2F3-7926-B44D-49248D9C9D46",
                            "comment": "",
                            "id": "Z354GDJ2A2XAX",
                            "name": "lab.dropd.com.",
                            "name_servers.#": "4",
                            "name_servers.0": "ns-502.awsdns-62.com",
                            "name_servers.1": "ns-790.awsdns-34.net",
                            "name_servers.2": "ns-1782.awsdns-30.co.uk",
                            "name_servers.3": "ns-1045.awsdns-02.org",
                            "private_zone": "false",
                            "resource_record_set_count": "3",
                            "zone_id": "Z354GDJ2A2XAX"
                        },
                        "meta": {},
                        "tainted": false
                    },
                    "deposed": [],
                    "provider": "provider.aws"
                }
            },
            "depends_on": []
        }
    ]
}
