{
    "version": 3,
    "terraform_version": "0.11.13",
    "serial": 1,
    "lineage": "3976d29b-a1dd-93cc-0d7d-3c50de38e271",
    "modules": [
        {
            "path": [
                "root"
            ],
            "outputs": {},
            "resources": {
                "aws_api_gateway_base_path_mapping.mapping": {
                    "type": "aws_api_gateway_base_path_mapping",
                    "depends_on": [
                        "aws_api_gateway_domain_name.domain_name"
                    ],
                    "primary": {
                        "id": "dev.lab.dropd.com/",
                        "attributes": {
                            "api_id": "6bhmcwfi55",
                            "base_path": "",
                            "domain_name": "dev.lab.dropd.com",
                            "id": "dev.lab.dropd.com/",
                            "stage_name": "dev"
                        },
                        "meta": {},
                        "tainted": false
                    },
                    "deposed": [],
                    "provider": "provider.aws"
                },
                "aws_api_gateway_domain_name.domain_name": {
                    "type": "aws_api_gateway_domain_name",
                    "depends_on": [],
                    "primary": {
                        "id": "dev.lab.dropd.com",
                        "attributes": {
                            "certificate_arn": "",
                            "certificate_name": "",
                            "certificate_upload_date": "2019-03-20T21:55:01Z",
                            "cloudfront_domain_name": "",
                            "cloudfront_zone_id": "Z2FDTNDATAQYW2",
                            "domain_name": "dev.lab.dropd.com",
                            "endpoint_configuration.#": "1",
                            "endpoint_configuration.0.types.#": "1",
                            "endpoint_configuration.0.types.0": "REGIONAL",
                            "id": "dev.lab.dropd.com",
                            "regional_certificate_arn": "arn:aws:acm:us-west-1:605952593874:certificate/f8ccba8e-96a9-4090-bd8e-ed29e233074b",
                            "regional_certificate_name": "",
                            "regional_domain_name": "d-ff88vp8z10.execute-api.us-west-1.amazonaws.com",
                            "regional_zone_id": "Z2MUQ32089INYE"
                        },
                        "meta": {},
                        "tainted": false
                    },
                    "deposed": [],
                    "provider": "provider.aws"
                },
                "aws_route53_record.record": {
                    "type": "aws_route53_record",
                    "depends_on": [
                        "aws_api_gateway_domain_name.domain_name"
                    ],
                    "primary": {
                        "id": "Z354GDJ2A2XAX_dev.lab.dropd.com_A",
                        "attributes": {
                            "alias.#": "1",
                            "alias.22656552.evaluate_target_health": "false",
                            "alias.22656552.name": "d-ff88vp8z10.execute-api.us-west-1.amazonaws.com",
                            "alias.22656552.zone_id": "Z2MUQ32089INYE",
                            "fqdn": "dev.lab.dropd.com",
                            "id": "Z354GDJ2A2XAX_dev.lab.dropd.com_A",
                            "name": "dev.lab.dropd.com",
                            "type": "A",
                            "zone_id": "Z354GDJ2A2XAX"
                        },
                        "meta": {
                            "schema_version": "2"
                        },
                        "tainted": false
                    },
                    "deposed": [],
                    "provider": "provider.aws"
                }
            },
            "depends_on": []
        }
    ]
}
